accelerate==1.13.0
basicsr==1.4.2
diffusers==0.37.0
huggingface-hub==1.7.1
matplotlib==3.10.8
numpy==2.4.2
opencv-python-headless==4.13.0.92
pandas==2.3.3
pillow==12.1.1
psutil==7.2.2
pydantic==2.12.5
pytest==9.0.2
pytest-mock==3.15.1
python-dotenv==1.2.2
pyyaml==6.0.1
requests==2.32.5
realesrgan==0.3.0
safetensors==0.7.0
streamlit==1.55.0
torch==2.10.0
torchvision==0.25.0
tqdm==4.67.3
transformers==5.3.0
typer==0.24.1
